
Microsoft Visual Studio Solution File, Format Version 12.00
# Visual Studio Version 16
VisualStudioVersion = 16.0.30406.217
MinimumVisualStudioVersion = 10.0.40219.1
Project("{FAE04EC0-301F-11D3-BF4B-00C04F79EFBC}") = "AppPostRequestPhp.Android", "AppPostRequestPhp.Android\AppPostRequestPhp.Android.csproj", "{4FD04DC6-8F99-4757-874E-D67EA5727306}"
EndProject
Project("{FAE04EC0-301F-11D3-BF4B-00C04F79EFBC}") = "AppPostRequestPhp", "AppPostRequestPhp\AppPostRequestPhp.csproj", "{A41A6CD8-50D3-483E-9480-4537BA81F954}"
EndProject
Global
	GlobalSection(SolutionConfigurationPlatforms) = preSolution
		Debug|Any CPU = Debug|Any CPU
		Release|Any CPU = Release|Any CPU
	EndGlobalSection
	GlobalSection(ProjectConfigurationPlatforms) = postSolution
		{4FD04DC6-8F99-4757-874E-D67EA5727306}.Debug|Any CPU.ActiveCfg = Debug|Any CPU
		{4FD04DC6-8F99-4757-874E-D67EA5727306}.Debug|Any CPU.Build.0 = Debug|Any CPU
		{4FD04DC6-8F99-4757-874E-D67EA5727306}.Debug|Any CPU.Deploy.0 = Debug|Any CPU
		{4FD04DC6-8F99-4757-874E-D67EA5727306}.Release|Any CPU.ActiveCfg = Release|Any CPU
		{4FD04DC6-8F99-4757-874E-D67EA5727306}.Release|Any CPU.Build.0 = Release|Any CPU
		{4FD04DC6-8F99-4757-874E-D67EA5727306}.Release|Any CPU.Deploy.0 = Release|Any CPU
		{A41A6CD8-50D3-483E-9480-4537BA81F954}.Debug|Any CPU.ActiveCfg = Debug|Any CPU
		{A41A6CD8-50D3-483E-9480-4537BA81F954}.Debug|Any CPU.Build.0 = Debug|Any CPU
		{A41A6CD8-50D3-483E-9480-4537BA81F954}.Debug|Any CPU.Deploy.0 = Debug|Any CPU
		{A41A6CD8-50D3-483E-9480-4537BA81F954}.Release|Any CPU.ActiveCfg = Release|Any CPU
		{A41A6CD8-50D3-483E-9480-4537BA81F954}.Release|Any CPU.Build.0 = Release|Any CPU
		{A41A6CD8-50D3-483E-9480-4537BA81F954}.Release|Any CPU.Deploy.0 = Release|Any CPU
	EndGlobalSection
	GlobalSection(SolutionProperties) = preSolution
		HideSolutionNode = FALSE
	EndGlobalSection
	GlobalSection(ExtensibilityGlobals) = postSolution
		SolutionGuid = {7A0C4002-A92B-488F-B24B-1E05BF0CA7D8}
	EndGlobalSection
EndGlobal
